
Microsoft Visual Studio Solution File, Format Version 12.00
# Visual Studio Version 17
VisualStudioVersion = 17.6.33829.357
MinimumVisualStudioVersion = 10.0.40219.1
Project("{FAE04EC0-301F-11D3-BF4B-00C04F79EFBC}") = "adview-plustek", "adview-plustek.csproj", "{0548263F-7681-4CEB-B1DB-5DEC79706630}"
EndProject
Global
	GlobalSection(SolutionConfigurationPlatforms) = preSolution
		Debug|Any CPU = Debug|Any CPU
		Release|Any CPU = Release|Any CPU
	EndGlobalSection
	GlobalSection(ProjectConfigurationPlatforms) = postSolution
		{0548263F-7681-4CEB-B1DB-5DEC79706630}.Debug|Any CPU.ActiveCfg = Debug|Any CPU
		{0548263F-7681-4CEB-B1DB-5DEC79706630}.Debug|Any CPU.Build.0 = Debug|Any CPU
		{0548263F-7681-4CEB-B1DB-5DEC79706630}.Release|Any CPU.ActiveCfg = Release|Any CPU
		{0548263F-7681-4CEB-B1DB-5DEC79706630}.Release|Any CPU.Build.0 = Release|Any CPU
	EndGlobalSection
	GlobalSection(SolutionProperties) = preSolution
		HideSolutionNode = FALSE
	EndGlobalSection
	GlobalSection(ExtensibilityGlobals) = postSolution
		SolutionGuid = {0D1FBA83-79B8-44F7-8DCA-D36756564D17}
	EndGlobalSection
EndGlobal
